
Microsoft Visual Studio Solution File, Format Version 12.00
# Visual Studio 14
VisualStudioVersion = 14.0.25420.1
MinimumVisualStudioVersion = 10.0.40219.1
Project("{FAE04EC0-301F-11D3-BF4B-00C04F79EFBC}") = "XamarinFormsMongoDB", "XamarinFormsMongoDB\XamarinFormsMongoDB\XamarinFormsMongoDB.csproj", "{78172F88-C302-40FD-AEDD-610E592AA2E4}"
EndProject
Project("{FAE04EC0-301F-11D3-BF4B-00C04F79EFBC}") = "XamarinFormsMongoDB.Droid", "XamarinFormsMongoDB\XamarinFormsMongoDB.Droid\XamarinFormsMongoDB.Droid.csproj", "{5DEEB79A-A2E6-4FE3-8B69-0FB66F94B39D}"
EndProject
Project("{FAE04EC0-301F-11D3-BF4B-00C04F79EFBC}") = "XamarinFormsMongoDB.iOS", "XamarinFormsMongoDB\XamarinFormsMongoDB.iOS\XamarinFormsMongoDB.iOS.csproj", "{D00F3A59-534F-4C9C-9B39-E13471FDFDF2}"
EndProject
Global
	GlobalSection(SolutionConfigurationPlatforms) = preSolution
		Ad-Hoc|Any CPU = Ad-Hoc|Any CPU
		Ad-Hoc|iPhone = Ad-Hoc|iPhone
		Ad-Hoc|iPhoneSimulator = Ad-Hoc|iPhoneSimulator
		AppStore|Any CPU = AppStore|Any CPU
		AppStore|iPhone = AppStore|iPhone
		AppStore|iPhoneSimulator = AppStore|iPhoneSimulator
		Debug|Any CPU = Debug|Any CPU
		Debug|iPhone = Debug|iPhone
		Debug|iPhoneSimulator = Debug|iPhoneSimulator
		Release|Any CPU = Release|Any CPU
		Release|iPhone = Release|iPhone
		Release|iPhoneSimulator = Release|iPhoneSimulator
	EndGlobalSection
	GlobalSection(ProjectConfigurationPlatforms) = postSolution
		{78172F88-C302-40FD-AEDD-610E592AA2E4}.Ad-Hoc|Any CPU.ActiveCfg = Release|Any CPU
		{78172F88-C302-40FD-AEDD-610E592AA2E4}.Ad-Hoc|Any CPU.Build.0 = Release|Any CPU
		{78172F88-C302-40FD-AEDD-610E592AA2E4}.Ad-Hoc|iPhone.ActiveCfg = Release|Any CPU
		{78172F88-C302-40FD-AEDD-610E592AA2E4}.Ad-Hoc|iPhone.Build.0 = Release|Any CPU
		{78172F88-C302-40FD-AEDD-610E592AA2E4}.Ad-Hoc|iPhoneSimulator.ActiveCfg = Release|Any CPU
		{78172F88-C302-40FD-AEDD-610E592AA2E4}.Ad-Hoc|iPhoneSimulator.Build.0 = Release|Any CPU
		{78172F88-C302-40FD-AEDD-610E592AA2E4}.AppStore|Any CPU.ActiveCfg = Release|Any CPU
		{78172F88-C302-40FD-AEDD-610E592AA2E4}.AppStore|Any CPU.Build.0 = Release|Any CPU
		{78172F88-C302-40FD-AEDD-610E592AA2E4}.AppStore|iPhone.ActiveCfg = Release|Any CPU
		{78172F88-C302-40FD-AEDD-610E592AA2E4}.AppStore|iPhone.Build.0 = Release|Any CPU
		{78172F88-C302-40FD-AEDD-610E592AA2E4}.AppStore|iPhoneSimulator.ActiveCfg = Release|Any CPU
		{78172F88-C302-40FD-AEDD-610E592AA2E4}.AppStore|iPhoneSimulator.Build.0 = Release|Any CPU
		{78172F88-C302-40FD-AEDD-610E592AA2E4}.Debug|Any CPU.ActiveCfg = Debug|Any CPU
		{78172F88-C302-40FD-AEDD-610E592AA2E4}.Debug|Any CPU.Build.0 = Debug|Any CPU
		{78172F88-C302-40FD-AEDD-610E592AA2E4}.Debug|iPhone.ActiveCfg = Debug|Any CPU
		{78172F88-C302-40FD-AEDD-610E592AA2E4}.Debug|iPhone.Build.0 = Debug|Any CPU
		{78172F88-C302-40FD-AEDD-610E592AA2E4}.Debug|iPhoneSimulator.ActiveCfg = Debug|Any CPU
		{78172F88-C302-40FD-AEDD-610E592AA2E4}.Debug|iPhoneSimulator.Build.0 = Debug|Any CPU
		{78172F88-C302-40FD-AEDD-610E592AA2E4}.Release|Any CPU.ActiveCfg = Release|Any CPU
		{78172F88-C302-40FD-AEDD-610E592AA2E4}.Release|Any CPU.Build.0 = Release|Any CPU
		{78172F88-C302-40FD-AEDD-610E592AA2E4}.Release|iPhone.ActiveCfg = Release|Any CPU
		{78172F88-C302-40FD-AEDD-610E592AA2E4}.Release|iPhone.Build.0 = Release|Any CPU
		{78172F88-C302-40FD-AEDD-610E592AA2E4}.Release|iPhoneSimulator.ActiveCfg = Release|Any CPU
		{78172F88-C302-40FD-AEDD-610E592AA2E4}.Release|iPhoneSimulator.Build.0 = Release|Any CPU
		{5DEEB79A-A2E6-4FE3-8B69-0FB66F94B39D}.Ad-Hoc|Any CPU.ActiveCfg = Release|Any CPU
		{5DEEB79A-A2E6-4FE3-8B69-0FB66F94B39D}.Ad-Hoc|Any CPU.Build.0 = Release|Any CPU
		{5DEEB79A-A2E6-4FE3-8B69-0FB66F94B39D}.Ad-Hoc|Any CPU.Deploy.0 = Release|Any CPU
		{5DEEB79A-A2E6-4FE3-8B69-0FB66F94B39D}.Ad-Hoc|iPhone.ActiveCfg = Release|Any CPU
		{5DEEB79A-A2E6-4FE3-8B69-0FB66F94B39D}.Ad-Hoc|iPhone.Build.0 = Release|Any CPU
		{5DEEB79A-A2E6-4FE3-8B69-0FB66F94B39D}.Ad-Hoc|iPhone.Deploy.0 = Release|Any CPU
		{5DEEB79A-A2E6-4FE3-8B69-0FB66F94B39D}.Ad-Hoc|iPhoneSimulator.ActiveCfg = Release|Any CPU
		{5DEEB79A-A2E6-4FE3-8B69-0FB66F94B39D}.Ad-Hoc|iPhoneSimulator.Build.0 = Release|Any CPU
		{5DEEB79A-A2E6-4FE3-8B69-0FB66F94B39D}.Ad-Hoc|iPhoneSimulator.Deploy.0 = Release|Any CPU
		{5DEEB79A-A2E6-4FE3-8B69-0FB66F94B39D}.AppStore|Any CPU.ActiveCfg = Release|Any CPU
		{5DEEB79A-A2E6-4FE3-8B69-0FB66F94B39D}.AppStore|Any CPU.Build.0 = Release|Any CPU
		{5DEEB79A-A2E6-4FE3-8B69-0FB66F94B39D}.AppStore|Any CPU.Deploy.0 = Release|Any CPU
		{5DEEB79A-A2E6-4FE3-8B69-0FB66F94B39D}.AppStore|iPhone.ActiveCfg = Release|Any CPU
		{5DEEB79A-A2E6-4FE3-8B69-0FB66F94B39D}.AppStore|iPhone.Build.0 = Release|Any CPU
		{5DEEB79A-A2E6-4FE3-8B69-0FB66F94B39D}.AppStore|iPhone.Deploy.0 = Release|Any CPU
		{5DEEB79A-A2E6-4FE3-8B69-0FB66F94B39D}.AppStore|iPhoneSimulator.ActiveCfg = Release|Any CPU
		{5DEEB79A-A2E6-4FE3-8B69-0FB66F94B39D}.AppStore|iPhoneSimulator.Build.0 = Release|Any CPU
		{5DEEB79A-A2E6-4FE3-8B69-0FB66F94B39D}.AppStore|iPhoneSimulator.Deploy.0 = Release|Any CPU
		{5DEEB79A-A2E6-4FE3-8B69-0FB66F94B39D}.Debug|Any CPU.ActiveCfg = Debug|Any CPU
		{5DEEB79A-A2E6-4FE3-8B69-0FB66F94B39D}.Debug|Any CPU.Build.0 = Debug|Any CPU
		{5DEEB79A-A2E6-4FE3-8B69-0FB66F94B39D}.Debug|Any CPU.Deploy.0 = Debug|Any CPU
		{5DEEB79A-A2E6-4FE3-8B69-0FB66F94B39D}.Debug|iPhone.ActiveCfg = Debug|Any CPU
		{5DEEB79A-A2E6-4FE3-8B69-0FB66F94B39D}.Debug|iPhone.Build.0 = Debug|Any CPU
		{5DEEB79A-A2E6-4FE3-8B69-0FB66F94B39D}.Debug|iPhone.Deploy.0 = Debug|Any CPU
		{5DEEB79A-A2E6-4FE3-8B69-0FB66F94B39D}.Debug|iPhoneSimulator.ActiveCfg = Debug|Any CPU
		{5DEEB79A-A2E6-4FE3-8B69-0FB66F94B39D}.Debug|iPhoneSimulator.Build.0 = Debug|Any CPU
		{5DEEB79A-A2E6-4FE3-8B69-0FB66F94B39D}.Debug|iPhoneSimulator.Deploy.0 = Debug|Any CPU
		{5DEEB79A-A2E6-4FE3-8B69-0FB66F94B39D}.Release|Any CPU.ActiveCfg = Release|Any CPU
		{5DEEB79A-A2E6-4FE3-8B69-0FB66F94B39D}.Release|Any CPU.Build.0 = Release|Any CPU
		{5DEEB79A-A2E6-4FE3-8B69-0FB66F94B39D}.Release|Any CPU.Deploy.0 = Release|Any CPU
		{5DEEB79A-A2E6-4FE3-8B69-0FB66F94B39D}.Release|iPhone.ActiveCfg = Release|Any CPU
		{5DEEB79A-A2E6-4FE3-8B69-0FB66F94B39D}.Release|iPhone.Build.0 = Release|Any CPU
		{5DEEB79A-A2E6-4FE3-8B69-0FB66F94B39D}.Release|iPhone.Deploy.0 = Release|Any CPU
		{5DEEB79A-A2E6-4FE3-8B69-0FB66F94B39D}.Release|iPhoneSimulator.ActiveCfg = Release|Any CPU
		{5DEEB79A-A2E6-4FE3-8B69-0FB66F94B39D}.Release|iPhoneSimulator.Build.0 = Release|Any CPU
		{5DEEB79A-A2E6-4FE3-8B69-0FB66F94B39D}.Release|iPhoneSimulator.Deploy.0 = Release|Any CPU
		{D00F3A59-534F-4C9C-9B39-E13471FDFDF2}.Ad-Hoc|Any CPU.ActiveCfg = Ad-Hoc|iPhone
		{D00F3A59-534F-4C9C-9B39-E13471FDFDF2}.Ad-Hoc|iPhone.ActiveCfg = Ad-Hoc|iPhone
		{D00F3A59-534F-4C9C-9B39-E13471FDFDF2}.Ad-Hoc|iPhone.Build.0 = Ad-Hoc|iPhone
		{D00F3A59-534F-4C9C-9B39-E13471FDFDF2}.Ad-Hoc|iPhoneSimulator.ActiveCfg = Ad-Hoc|iPhoneSimulator
		{D00F3A59-534F-4C9C-9B39-E13471FDFDF2}.Ad-Hoc|iPhoneSimulator.Build.0 = Ad-Hoc|iPhoneSimulator
		{D00F3A59-534F-4C9C-9B39-E13471FDFDF2}.AppStore|Any CPU.ActiveCfg = AppStore|iPhone
		{D00F3A59-534F-4C9C-9B39-E13471FDFDF2}.AppStore|iPhone.ActiveCfg = AppStore|iPhone
		{D00F3A59-534F-4C9C-9B39-E13471FDFDF2}.AppStore|iPhone.Build.0 = AppStore|iPhone
		{D00F3A59-534F-4C9C-9B39-E13471FDFDF2}.AppStore|iPhoneSimulator.ActiveCfg = AppStore|iPhoneSimulator
		{D00F3A59-534F-4C9C-9B39-E13471FDFDF2}.AppStore|iPhoneSimulator.Build.0 = AppStore|iPhoneSimulator
		{D00F3A59-534F-4C9C-9B39-E13471FDFDF2}.Debug|Any CPU.ActiveCfg = Debug|iPhone
		{D00F3A59-534F-4C9C-9B39-E13471FDFDF2}.Debug|iPhone.ActiveCfg = Debug|iPhone
		{D00F3A59-534F-4C9C-9B39-E13471FDFDF2}.Debug|iPhone.Build.0 = Debug|iPhone
		{D00F3A59-534F-4C9C-9B39-E13471FDFDF2}.Debug|iPhoneSimulator.ActiveCfg = Debug|iPhoneSimulator
		{D00F3A59-534F-4C9C-9B39-E13471FDFDF2}.Debug|iPhoneSimulator.Build.0 = Debug|iPhoneSimulator
		{D00F3A59-534F-4C9C-9B39-E13471FDFDF2}.Release|Any CPU.ActiveCfg = Release|iPhone
		{D00F3A59-534F-4C9C-9B39-E13471FDFDF2}.Release|iPhone.ActiveCfg = Release|iPhone
		{D00F3A59-534F-4C9C-9B39-E13471FDFDF2}.Release|iPhone.Build.0 = Release|iPhone
		{D00F3A59-534F-4C9C-9B39-E13471FDFDF2}.Release|iPhoneSimulator.ActiveCfg = Release|iPhoneSimulator
		{D00F3A59-534F-4C9C-9B39-E13471FDFDF2}.Release|iPhoneSimulator.Build.0 = Release|iPhoneSimulator
	EndGlobalSection
	GlobalSection(SolutionProperties) = preSolution
		HideSolutionNode = FALSE
	EndGlobalSection
EndGlobal
